
Microsoft Visual Studio Solution File, Format Version 12.00
# Visual Studio Version 17
VisualStudioVersion = 17.4.33213.308
MinimumVisualStudioVersion = 10.0.40219.1
Project("{FAE04EC0-301F-11D3-BF4B-00C04F79EFBC}") = "EmployeeCertificationGenerator", "EmployeeCertificationGenerator.csproj", "{93601437-87F9-4922-9C6B-6331EBB5AECE}"
EndProject
Global
	GlobalSection(SolutionConfigurationPlatforms) = preSolution
		Debug|Any CPU = Debug|Any CPU
		Release|Any CPU = Release|Any CPU
	EndGlobalSection
	GlobalSection(ProjectConfigurationPlatforms) = postSolution
		{93601437-87F9-4922-9C6B-6331EBB5AECE}.Debug|Any CPU.ActiveCfg = Debug|Any CPU
		{93601437-87F9-4922-9C6B-6331EBB5AECE}.Debug|Any CPU.Build.0 = Debug|Any CPU
		{93601437-87F9-4922-9C6B-6331EBB5AECE}.Release|Any CPU.ActiveCfg = Release|Any CPU
		{93601437-87F9-4922-9C6B-6331EBB5AECE}.Release|Any CPU.Build.0 = Release|Any CPU
	EndGlobalSection
	GlobalSection(SolutionProperties) = preSolution
		HideSolutionNode = FALSE
	EndGlobalSection
	GlobalSection(ExtensibilityGlobals) = postSolution
		SolutionGuid = {CD464106-FD42-43F1-880E-50EEB94C7782}
	EndGlobalSection
EndGlobal
